{
  "nodes": {
    "flake-utils": {
      "inputs": {
        "systems": "systems"
      },
      "locked": {
        "lastModified": 1731533236,
        "narHash": "sha256-l0KFg5HjrsfsO/JpG+r7fRrqm12kzFHyUHqHCVpMMbI=",
        "owner": "numtide",
        "repo": "flake-utils",
        "rev": "11707dc2f618dd54ca8739b309ec4fc024de578b",
        "type": "github"
      },
      "original": {
        "owner": "numtide",
        "repo": "flake-utils",
        "type": "github"
      }
    },
    "home-manager": {
      "inputs": {
        "nixpkgs": [
          "nixpkgs"
        ]
      },
      "locked": {
        "lastModified": 1738753876,
        "narHash": "sha256-yXT82kERWL4R81hfun9BuT478Q6ut0dJzdQjAxjRS38=",
        "owner": "nix-community",
        "repo": "home-manager",
        "rev": "f20b7a8ab527a2482f13754dc00b2deaddc34599",
        "type": "github"
      },
      "original": {
        "owner": "nix-community",
        "repo": "home-manager",
        "type": "github"
      }
    },
    "nix-ld": {
      "inputs": {
        "nixpkgs": "nixpkgs"
      },
      "locked": {
        "lastModified": 1738573732,
        "narHash": "sha256-cyUaLyn9oQp/ArxVnpyajKXFQhe+xxGCEvscAOt2Kco=",
        "owner": "Mic92",
        "repo": "nix-ld",
        "rev": "8fed868d17954b09421d2456afccc2e7afdee96f",
        "type": "github"
      },
      "original": {
        "owner": "Mic92",
        "repo": "nix-ld",
        "type": "github"
      }
    },
    "nixos-hardware": {
      "locked": {
        "lastModified": 1738638143,
        "narHash": "sha256-ZYMe4c4OCtIUBn5hx15PEGr0+B1cNEpl2dsaLxwY2W0=",
        "owner": "NixOS",
        "repo": "nixos-hardware",
        "rev": "9bdd53f5908453e4d03f395eb1615c3e9a351f70",
        "type": "github"
      },
      "original": {
        "owner": "NixOS",
        "ref": "master",
        "repo": "nixos-hardware",
        "type": "github"
      }
    },
    "nixpkgs": {
      "locked": {
        "lastModified": 1735291276,
        "narHash": "sha256-NYVcA06+blsLG6wpAbSPTCyLvxD/92Hy4vlY9WxFI1M=",
        "owner": "NixOS",
        "repo": "nixpkgs",
        "rev": "634fd46801442d760e09493a794c4f15db2d0cbb",
        "type": "github"
      },
      "original": {
        "owner": "NixOS",
        "ref": "nixos-unstable",
        "repo": "nixpkgs",
        "type": "github"
      }
    },
    "nixpkgs_2": {
      "locked": {
        "lastModified": 1738734093,
        "narHash": "sha256-UEYOKfXXKU49fR7dGB05As0s2pGbLK4xDo48Qtdm7xs=",
        "owner": "NixOS",
        "repo": "nixpkgs",
        "rev": "5b2753b0356d1c951d7a3ef1d086ba5a71fff43c",
        "type": "github"
      },
      "original": {
        "owner": "NixOS",
        "ref": "nixpkgs-unstable",
        "repo": "nixpkgs",
        "type": "github"
      }
    },
    "plugin-onedark": {
      "flake": false,
      "locked": {
        "lastModified": 1731171496,
        "narHash": "sha256-NLHq9SUUo81m50NPQe8852uZbo4Mo4No10N3ptX43t0=",
        "owner": "navarasu",
        "repo": "onedark.nvim",
        "rev": "67a74c275d1116d575ab25485d1bfa6b2a9c38a6",
        "type": "github"
      },
      "original": {
        "owner": "navarasu",
        "repo": "onedark.nvim",
        "type": "github"
      }
    },
    "root": {
      "inputs": {
        "flake-utils": "flake-utils",
        "home-manager": "home-manager",
        "nix-ld": "nix-ld",
        "nixos-hardware": "nixos-hardware",
        "nixpkgs": "nixpkgs_2",
        "plugin-onedark": "plugin-onedark"
      }
    },
    "systems": {
      "locked": {
        "lastModified": 1681028828,
        "narHash": "sha256-Vy1rq5AaRuLzOxct8nz4T6wlgyUR7zLU309k9mBC768=",
        "owner": "nix-systems",
        "repo": "default",
        "rev": "da67096a3b9bf56a91d16901293e51ba5b49a27e",
        "type": "github"
      },
      "original": {
        "owner": "nix-systems",
        "repo": "default",
        "type": "github"
      }
    }
  },
  "root": "root",
  "version": 7
}
