{
  "nodes": {
    "flake-utils": {
      "inputs": {
        "systems": "systems"
      },
      "locked": {
        "lastModified": 1731533236,
        "narHash": "sha256-l0KFg5HjrsfsO/JpG+r7fRrqm12kzFHyUHqHCVpMMbI=",
        "owner": "numtide",
        "repo": "flake-utils",
        "rev": "11707dc2f618dd54ca8739b309ec4fc024de578b",
        "type": "github"
      },
      "original": {
        "owner": "numtide",
        "repo": "flake-utils",
        "type": "github"
      }
    },
    "home-manager": {
      "inputs": {
        "nixpkgs": [
          "nixpkgs"
        ]
      },
      "locked": {
        "lastModified": 1749821119,
        "narHash": "sha256-X3WAS322EsebI4ohJcXhKpiyG1v+7wE4VOiXy1pxM/c=",
        "owner": "nix-community",
        "repo": "home-manager",
        "rev": "79dfd9aa295e53773aad45480b44c131da29f35b",
        "type": "github"
      },
      "original": {
        "owner": "nix-community",
        "repo": "home-manager",
        "type": "github"
      }
    },
    "nix-ld": {
      "inputs": {
        "nixpkgs": "nixpkgs"
      },
      "locked": {
        "lastModified": 1749461289,
        "narHash": "sha256-oiqXL3TtmRhGQqrvMeri1qcLy9U+6ArkPUFQUZR/8m4=",
        "owner": "Mic92",
        "repo": "nix-ld",
        "rev": "24643b2be86a7cd23fabda73d224324deb201e20",
        "type": "github"
      },
      "original": {
        "owner": "Mic92",
        "repo": "nix-ld",
        "type": "github"
      }
    },
    "nixos-hardware": {
      "locked": {
        "lastModified": 1749832440,
        "narHash": "sha256-lfxhuxAaHlYFGr8yOrAXZqdMt8PrFLzjVqH9v3lQaoY=",
        "owner": "NixOS",
        "repo": "nixos-hardware",
        "rev": "db030f62a449568345372bd62ed8c5be4824fa49",
        "type": "github"
      },
      "original": {
        "owner": "NixOS",
        "ref": "master",
        "repo": "nixos-hardware",
        "type": "github"
      }
    },
    "nixpkgs": {
      "locked": {
        "lastModified": 1748693115,
        "narHash": "sha256-StSrWhklmDuXT93yc3GrTlb0cKSS0agTAxMGjLKAsY8=",
        "owner": "NixOS",
        "repo": "nixpkgs",
        "rev": "910796cabe436259a29a72e8d3f5e180fc6dfacc",
        "type": "github"
      },
      "original": {
        "owner": "NixOS",
        "ref": "nixos-unstable",
        "repo": "nixpkgs",
        "type": "github"
      }
    },
    "nixpkgs_2": {
      "locked": {
        "lastModified": 1749776303,
        "narHash": "sha256-OHibOvVwKqO1qvRg0r3agtd1EagW4THBcoWT7QGgcNo=",
        "owner": "NixOS",
        "repo": "nixpkgs",
        "rev": "6e7721e37bf00fa7ea44ac3cfc9d2411284ec3ef",
        "type": "github"
      },
      "original": {
        "owner": "NixOS",
        "ref": "nixpkgs-unstable",
        "repo": "nixpkgs",
        "type": "github"
      }
    },
    "plugin-onedark": {
      "flake": false,
      "locked": {
        "lastModified": 1746300400,
        "narHash": "sha256-pMwAfe/cWkshQ3x5Jy/rbztYz8m9z5L0+to0tj1pF7M=",
        "owner": "navarasu",
        "repo": "onedark.nvim",
        "rev": "11de4da47f3e69cb70c3ae9816bd8af166cbe121",
        "type": "github"
      },
      "original": {
        "owner": "navarasu",
        "repo": "onedark.nvim",
        "type": "github"
      }
    },
    "root": {
      "inputs": {
        "flake-utils": "flake-utils",
        "home-manager": "home-manager",
        "nix-ld": "nix-ld",
        "nixos-hardware": "nixos-hardware",
        "nixpkgs": "nixpkgs_2",
        "plugin-onedark": "plugin-onedark"
      }
    },
    "systems": {
      "locked": {
        "lastModified": 1681028828,
        "narHash": "sha256-Vy1rq5AaRuLzOxct8nz4T6wlgyUR7zLU309k9mBC768=",
        "owner": "nix-systems",
        "repo": "default",
        "rev": "da67096a3b9bf56a91d16901293e51ba5b49a27e",
        "type": "github"
      },
      "original": {
        "owner": "nix-systems",
        "repo": "default",
        "type": "github"
      }
    }
  },
  "root": "root",
  "version": 7
}
